
Microsoft Visual Studio Solution File, Format Version 12.00
# Visual Studio Version 16
VisualStudioVersion = 16.0.31005.135
MinimumVisualStudioVersion = 10.0.40219.1
Project("{9A19103F-16F7-4668-BE54-9A1E7A4F7556}") = "BookAuditNLayerApp.DAL", "BookAuditNLayerApp.DAL\BookAuditNLayerApp.DAL.csproj", "{F2E84ED0-9786-42B8-88FF-F788A3611FD1}"
EndProject
Project("{9A19103F-16F7-4668-BE54-9A1E7A4F7556}") = "BookAuditNLayerApp.BLL", "BookAuditNLayerApp.BLL\BookAuditNLayerApp.BLL.csproj", "{20C6AC44-208E-4FA2-8296-C6D80E8EA86E}"
EndProject
Project("{FAE04EC0-301F-11D3-BF4B-00C04F79EFBC}") = "BookAuditNLayer.GeneralClassLibrary", "BookAuditNLayer.GeneralClassLibrary\BookAuditNLayer.GeneralClassLibrary.csproj", "{1E6874C6-17BE-4969-8A22-6FB5DCF991C7}"
EndProject
Project("{FAE04EC0-301F-11D3-BF4B-00C04F79EFBC}") = "BookAuditNLayerApp.API", "BookAuditNLayerApp.API\BookAuditNLayerApp.API.csproj", "{0B083F0F-89F9-4D11-ADE1-E4F4F6E02C83}"
EndProject
Global
	GlobalSection(SolutionConfigurationPlatforms) = preSolution
		Debug|Any CPU = Debug|Any CPU
		Release|Any CPU = Release|Any CPU
	EndGlobalSection
	GlobalSection(ProjectConfigurationPlatforms) = postSolution
		{F2E84ED0-9786-42B8-88FF-F788A3611FD1}.Debug|Any CPU.ActiveCfg = Debug|Any CPU
		{F2E84ED0-9786-42B8-88FF-F788A3611FD1}.Debug|Any CPU.Build.0 = Debug|Any CPU
		{F2E84ED0-9786-42B8-88FF-F788A3611FD1}.Release|Any CPU.ActiveCfg = Release|Any CPU
		{F2E84ED0-9786-42B8-88FF-F788A3611FD1}.Release|Any CPU.Build.0 = Release|Any CPU
		{20C6AC44-208E-4FA2-8296-C6D80E8EA86E}.Debug|Any CPU.ActiveCfg = Debug|Any CPU
		{20C6AC44-208E-4FA2-8296-C6D80E8EA86E}.Debug|Any CPU.Build.0 = Debug|Any CPU
		{20C6AC44-208E-4FA2-8296-C6D80E8EA86E}.Release|Any CPU.ActiveCfg = Release|Any CPU
		{20C6AC44-208E-4FA2-8296-C6D80E8EA86E}.Release|Any CPU.Build.0 = Release|Any CPU
		{1E6874C6-17BE-4969-8A22-6FB5DCF991C7}.Debug|Any CPU.ActiveCfg = Debug|Any CPU
		{1E6874C6-17BE-4969-8A22-6FB5DCF991C7}.Debug|Any CPU.Build.0 = Debug|Any CPU
		{1E6874C6-17BE-4969-8A22-6FB5DCF991C7}.Release|Any CPU.ActiveCfg = Release|Any CPU
		{1E6874C6-17BE-4969-8A22-6FB5DCF991C7}.Release|Any CPU.Build.0 = Release|Any CPU
		{0B083F0F-89F9-4D11-ADE1-E4F4F6E02C83}.Debug|Any CPU.ActiveCfg = Debug|Any CPU
		{0B083F0F-89F9-4D11-ADE1-E4F4F6E02C83}.Debug|Any CPU.Build.0 = Debug|Any CPU
		{0B083F0F-89F9-4D11-ADE1-E4F4F6E02C83}.Release|Any CPU.ActiveCfg = Release|Any CPU
		{0B083F0F-89F9-4D11-ADE1-E4F4F6E02C83}.Release|Any CPU.Build.0 = Release|Any CPU
	EndGlobalSection
	GlobalSection(SolutionProperties) = preSolution
		HideSolutionNode = FALSE
	EndGlobalSection
	GlobalSection(ExtensibilityGlobals) = postSolution
		SolutionGuid = {5EEE2376-C90A-4480-9607-D5B3C3DDFA56}
	EndGlobalSection
EndGlobal
